
Microsoft Visual Studio Solution File, Format Version 12.00
# Visual Studio 14
VisualStudioVersion = 14.0.25123.0
MinimumVisualStudioVersion = 10.0.40219.1
Project("{FAE04EC0-301F-11D3-BF4B-00C04F79EFBC}") = "Visao", "Visao\Visao.csproj", "{D767C3FD-8926-4F69-9408-BBEA4E0FD6D5}"
EndProject
Project("{FAE04EC0-301F-11D3-BF4B-00C04F79EFBC}") = "Modelo", "Modelo\Modelo.csproj", "{B1B8771D-5DCF-4232-BE98-FA775F636210}"
EndProject
Project("{FAE04EC0-301F-11D3-BF4B-00C04F79EFBC}") = "Negocio", "Negocio\Negocio.csproj", "{C7DA5A8C-61B0-42FA-871F-22886B1950E7}"
EndProject
Project("{FAE04EC0-301F-11D3-BF4B-00C04F79EFBC}") = "Persistencia", "Persistencia\Persistencia.csproj", "{968534B3-A5E7-4A6B-BBAA-077D2CD69441}"
EndProject
Global
	GlobalSection(SolutionConfigurationPlatforms) = preSolution
		Debug|Any CPU = Debug|Any CPU
		Release|Any CPU = Release|Any CPU
	EndGlobalSection
	GlobalSection(ProjectConfigurationPlatforms) = postSolution
		{D767C3FD-8926-4F69-9408-BBEA4E0FD6D5}.Debug|Any CPU.ActiveCfg = Debug|Any CPU
		{D767C3FD-8926-4F69-9408-BBEA4E0FD6D5}.Debug|Any CPU.Build.0 = Debug|Any CPU
		{D767C3FD-8926-4F69-9408-BBEA4E0FD6D5}.Release|Any CPU.ActiveCfg = Release|Any CPU
		{D767C3FD-8926-4F69-9408-BBEA4E0FD6D5}.Release|Any CPU.Build.0 = Release|Any CPU
		{B1B8771D-5DCF-4232-BE98-FA775F636210}.Debug|Any CPU.ActiveCfg = Debug|Any CPU
		{B1B8771D-5DCF-4232-BE98-FA775F636210}.Debug|Any CPU.Build.0 = Debug|Any CPU
		{B1B8771D-5DCF-4232-BE98-FA775F636210}.Release|Any CPU.ActiveCfg = Release|Any CPU
		{B1B8771D-5DCF-4232-BE98-FA775F636210}.Release|Any CPU.Build.0 = Release|Any CPU
		{C7DA5A8C-61B0-42FA-871F-22886B1950E7}.Debug|Any CPU.ActiveCfg = Debug|Any CPU
		{C7DA5A8C-61B0-42FA-871F-22886B1950E7}.Debug|Any CPU.Build.0 = Debug|Any CPU
		{C7DA5A8C-61B0-42FA-871F-22886B1950E7}.Release|Any CPU.ActiveCfg = Release|Any CPU
		{C7DA5A8C-61B0-42FA-871F-22886B1950E7}.Release|Any CPU.Build.0 = Release|Any CPU
		{968534B3-A5E7-4A6B-BBAA-077D2CD69441}.Debug|Any CPU.ActiveCfg = Debug|Any CPU
		{968534B3-A5E7-4A6B-BBAA-077D2CD69441}.Debug|Any CPU.Build.0 = Debug|Any CPU
		{968534B3-A5E7-4A6B-BBAA-077D2CD69441}.Release|Any CPU.ActiveCfg = Release|Any CPU
		{968534B3-A5E7-4A6B-BBAA-077D2CD69441}.Release|Any CPU.Build.0 = Release|Any CPU
	EndGlobalSection
	GlobalSection(SolutionProperties) = preSolution
		HideSolutionNode = FALSE
	EndGlobalSection
EndGlobal
